
Microsoft Visual Studio Solution File, Format Version 12.00
# Visual Studio Version 18
VisualStudioVersion = 18.7.11919.86
MinimumVisualStudioVersion = 10.0.40219.1
Project("{FAE04EC0-301F-11D3-BF4B-00C04F79EFBC}") = "ProjekatASPIspit", "ProjekatASPIspit\ProjekatASPIspit.csproj", "{457FA24F-4287-48B9-A5FB-9A30122653B1}"
EndProject
Project("{2150E333-8FDC-42A3-9474-1A3956D46DE8}") = "Src", "Src", "{D371EF44-2623-41BA-B28A-B747D598FFE3}"
EndProject
Project("{2150E333-8FDC-42A3-9474-1A3956D46DE8}") = "Modules", "Modules", "{1542565A-AEF5-4A13-B8C7-13A44E25E9D2}"
EndProject
Project("{2150E333-8FDC-42A3-9474-1A3956D46DE8}") = "Teams", "Teams", "{65CAAFFB-FEAC-4638-B67E-F3142CB29027}"
EndProject
Project("{FAE04EC0-301F-11D3-BF4B-00C04F79EFBC}") = "Modules.Teams.Application", "Modules.Teams.Application\Modules.Teams.Application.csproj", "{16EA7CC2-B60C-4250-BC8D-67F6219E6038}"
EndProject
Project("{FAE04EC0-301F-11D3-BF4B-00C04F79EFBC}") = "Modules.Teams.Infrastructure", "Modules.Teams.Infrastructure\Modules.Teams.Infrastructure.csproj", "{696EE164-69FF-4F8F-8111-2D1B504A3848}"
EndProject
Project("{2150E333-8FDC-42A3-9474-1A3956D46DE8}") = "Finances", "Finances", "{954A4C60-E7A1-4D55-A884-B017A4BE8507}"
EndProject
Project("{FAE04EC0-301F-11D3-BF4B-00C04F79EFBC}") = "Modules.Finances.Domain", "Modules.Finances.Domain\Modules.Finances.Domain.csproj", "{ADF38E49-EE17-4979-8D2B-9BA51A3351BA}"
EndProject
Project("{FAE04EC0-301F-11D3-BF4B-00C04F79EFBC}") = "Modules.Finances.Application", "Modules.Finances.Application\Modules.Finances.Application.csproj", "{46D7DE60-0077-459C-90A5-15DF1B254AE5}"
EndProject
Project("{FAE04EC0-301F-11D3-BF4B-00C04F79EFBC}") = "Modules.Finances.Infrastructure", "Modules.Finances.Infrastructure\Modules.Finances.Infrastructure.csproj", "{E548C3F2-F3EC-4D5B-8258-CF49B000CC02}"
EndProject
Project("{2150E333-8FDC-42A3-9474-1A3956D46DE8}") = "Matches", "Matches", "{717FABE7-EF8E-43FD-A85D-3A3B3D421CBE}"
EndProject
Project("{FAE04EC0-301F-11D3-BF4B-00C04F79EFBC}") = "Modules.Matches.Domain", "Modules.Matches.Domain\Modules.Matches.Domain.csproj", "{5CD855CD-7FCA-4440-9042-4F2D661E83E8}"
EndProject
Project("{FAE04EC0-301F-11D3-BF4B-00C04F79EFBC}") = "Modules.Matches.Application", "Modules.Matches.Application\Modules.Matches.Application.csproj", "{D04C5580-52B0-427B-BF15-E0E065AAA72E}"
EndProject
Project("{FAE04EC0-301F-11D3-BF4B-00C04F79EFBC}") = "Modules.Matches.Infrastructure", "Modules.Matches.Infrastructure\Modules.Matches.Infrastructure.csproj", "{D4C42F6A-FF3C-4E02-8A4C-5D2C94E11D5B}"
EndProject
Project("{2150E333-8FDC-42A3-9474-1A3956D46DE8}") = "Notification", "Notification", "{4628338E-104A-4649-ADF4-E88525121E58}"
EndProject
Project("{FAE04EC0-301F-11D3-BF4B-00C04F79EFBC}") = "Modules.Notification.Domain", "Modules.Notification.Domain\Modules.Notification.Domain.csproj", "{B7E931A2-FD49-48C0-862C-B07F45D97531}"
EndProject
Project("{FAE04EC0-301F-11D3-BF4B-00C04F79EFBC}") = "Modules.Notification.Application", "Modules.Notification.Application\Modules.Notification.Application.csproj", "{3CA7C18C-ADF4-4ACC-880C-D2A21F129E0F}"
EndProject
Project("{FAE04EC0-301F-11D3-BF4B-00C04F79EFBC}") = "Modules.Notification.Infrastructure", "Modules.Notification.Infrastructure\Modules.Notification.Infrastructure.csproj", "{1D6CEC15-E15E-457F-A530-E03A9B83EC09}"
EndProject
Project("{2150E333-8FDC-42A3-9474-1A3956D46DE8}") = "Stuff", "Stuff", "{E11790DC-E7C2-4912-B510-1C1AF6EF825B}"
EndProject
Project("{FAE04EC0-301F-11D3-BF4B-00C04F79EFBC}") = "Modules.Teams.Domains", "Modules.Teams.Domains\Modules.Teams.Domains.csproj", "{4FD8D7B4-86D2-41CA-BE3F-7D75A234C39A}"
EndProject
Project("{FAE04EC0-301F-11D3-BF4B-00C04F79EFBC}") = "Modules.Stuff.Domain", "Modules.Stuff.Domain\Modules.Stuff.Domain.csproj", "{3A9C3D41-5AEC-4AA8-A65F-C8EACF295E16}"
EndProject
Project("{FAE04EC0-301F-11D3-BF4B-00C04F79EFBC}") = "Modules.Stuff.Application", "Modules.Stuff.Application\Modules.Stuff.Application.csproj", "{26ACF4E2-81EF-437F-9585-3145AADA5B17}"
EndProject
Project("{FAE04EC0-301F-11D3-BF4B-00C04F79EFBC}") = "Modules.Stuff.Infrastructure", "Modules.Stuff.Infrastructure\Modules.Stuff.Infrastructure.csproj", "{0875D1CC-AEB5-48CE-8D16-F5B5CA1AE270}"
EndProject
Project("{2150E333-8FDC-42A3-9474-1A3956D46DE8}") = "Training", "Training", "{12EC50B6-34D5-485A-A5E5-3E7002EF101A}"
EndProject
Project("{2150E333-8FDC-42A3-9474-1A3956D46DE8}") = "Users", "Users", "{68B25DEA-84FF-4E45-B907-6BA2B5B264AF}"
EndProject
Project("{FAE04EC0-301F-11D3-BF4B-00C04F79EFBC}") = "Modules.Training.Domain", "Modules.Training.Domain\Modules.Training.Domain.csproj", "{DE8A52DC-4FB7-44F4-9E2B-B148AEEB450B}"
EndProject
Project("{FAE04EC0-301F-11D3-BF4B-00C04F79EFBC}") = "Modules.Training.Application", "Modules.Training.Application\Modules.Training.Application.csproj", "{DAFE57B3-9FDB-44D9-883F-53ED31C3B644}"
EndProject
Project("{FAE04EC0-301F-11D3-BF4B-00C04F79EFBC}") = "Modules.Training.Infrastructure", "Modules.Training.Infrastructure\Modules.Training.Infrastructure.csproj", "{32BF94E3-3A9C-45DB-8348-CF2798448946}"
EndProject
Project("{FAE04EC0-301F-11D3-BF4B-00C04F79EFBC}") = "Modules.Users.Domain", "Modules.Users.Domain\Modules.Users.Domain.csproj", "{72126808-7167-4516-99A8-495B7A513627}"
EndProject
Project("{FAE04EC0-301F-11D3-BF4B-00C04F79EFBC}") = "Modules.Users.Application", "Modules.Users.Application\Modules.Users.Application.csproj", "{F93EE9B5-6871-4E4A-B803-4A287415415E}"
EndProject
Project("{FAE04EC0-301F-11D3-BF4B-00C04F79EFBC}") = "Modules.Users.Infrastructure", "Modules.Users.Infrastructure\Modules.Users.Infrastructure.csproj", "{BCF05BD0-00D4-4BD9-A308-D35121337750}"
EndProject
Project("{FAE04EC0-301F-11D3-BF4B-00C04F79EFBC}") = "Modules.Teams.UI", "Modules.Teams.UI\Modules.Teams.UI.csproj", "{E0806455-7283-48F3-BAE1-A47705B692AB}"
EndProject
Project("{FAE04EC0-301F-11D3-BF4B-00C04F79EFBC}") = "Modules.Matches.Ui", "Modules.Matches.Ui\Modules.Matches.Ui.csproj", "{2DAC0314-3CF0-4E04-8A55-DF45E98B9C11}"
EndProject
Global
	GlobalSection(SolutionConfigurationPlatforms) = preSolution
		Debug|Any CPU = Debug|Any CPU
		Release|Any CPU = Release|Any CPU
	EndGlobalSection
	GlobalSection(ProjectConfigurationPlatforms) = postSolution
		{457FA24F-4287-48B9-A5FB-9A30122653B1}.Debug|Any CPU.ActiveCfg = Debug|Any CPU
		{457FA24F-4287-48B9-A5FB-9A30122653B1}.Debug|Any CPU.Build.0 = Debug|Any CPU
		{457FA24F-4287-48B9-A5FB-9A30122653B1}.Release|Any CPU.ActiveCfg = Release|Any CPU
		{457FA24F-4287-48B9-A5FB-9A30122653B1}.Release|Any CPU.Build.0 = Release|Any CPU
		{16EA7CC2-B60C-4250-BC8D-67F6219E6038}.Debug|Any CPU.ActiveCfg = Debug|Any CPU
		{16EA7CC2-B60C-4250-BC8D-67F6219E6038}.Debug|Any CPU.Build.0 = Debug|Any CPU
		{16EA7CC2-B60C-4250-BC8D-67F6219E6038}.Release|Any CPU.ActiveCfg = Release|Any CPU
		{16EA7CC2-B60C-4250-BC8D-67F6219E6038}.Release|Any CPU.Build.0 = Release|Any CPU
		{696EE164-69FF-4F8F-8111-2D1B504A3848}.Debug|Any CPU.ActiveCfg = Debug|Any CPU
		{696EE164-69FF-4F8F-8111-2D1B504A3848}.Debug|Any CPU.Build.0 = Debug|Any CPU
		{696EE164-69FF-4F8F-8111-2D1B504A3848}.Release|Any CPU.ActiveCfg = Release|Any CPU
		{696EE164-69FF-4F8F-8111-2D1B504A3848}.Release|Any CPU.Build.0 = Release|Any CPU
		{ADF38E49-EE17-4979-8D2B-9BA51A3351BA}.Debug|Any CPU.ActiveCfg = Debug|Any CPU
		{ADF38E49-EE17-4979-8D2B-9BA51A3351BA}.Debug|Any CPU.Build.0 = Debug|Any CPU
		{ADF38E49-EE17-4979-8D2B-9BA51A3351BA}.Release|Any CPU.ActiveCfg = Release|Any CPU
		{ADF38E49-EE17-4979-8D2B-9BA51A3351BA}.Release|Any CPU.Build.0 = Release|Any CPU
		{46D7DE60-0077-459C-90A5-15DF1B254AE5}.Debug|Any CPU.ActiveCfg = Debug|Any CPU
		{46D7DE60-0077-459C-90A5-15DF1B254AE5}.Debug|Any CPU.Build.0 = Debug|Any CPU
		{46D7DE60-0077-459C-90A5-15DF1B254AE5}.Release|Any CPU.ActiveCfg = Release|Any CPU
		{46D7DE60-0077-459C-90A5-15DF1B254AE5}.Release|Any CPU.Build.0 = Release|Any CPU
		{E548C3F2-F3EC-4D5B-8258-CF49B000CC02}.Debug|Any CPU.ActiveCfg = Debug|Any CPU
		{E548C3F2-F3EC-4D5B-8258-CF49B000CC02}.Debug|Any CPU.Build.0 = Debug|Any CPU
		{E548C3F2-F3EC-4D5B-8258-CF49B000CC02}.Release|Any CPU.ActiveCfg = Release|Any CPU
		{E548C3F2-F3EC-4D5B-8258-CF49B000CC02}.Release|Any CPU.Build.0 = Release|Any CPU
		{5CD855CD-7FCA-4440-9042-4F2D661E83E8}.Debug|Any CPU.ActiveCfg = Debug|Any CPU
		{5CD855CD-7FCA-4440-9042-4F2D661E83E8}.Debug|Any CPU.Build.0 = Debug|Any CPU
		{5CD855CD-7FCA-4440-9042-4F2D661E83E8}.Release|Any CPU.ActiveCfg = Release|Any CPU
		{5CD855CD-7FCA-4440-9042-4F2D661E83E8}.Release|Any CPU.Build.0 = Release|Any CPU
		{D04C5580-52B0-427B-BF15-E0E065AAA72E}.Debug|Any CPU.ActiveCfg = Debug|Any CPU
		{D04C5580-52B0-427B-BF15-E0E065AAA72E}.Debug|Any CPU.Build.0 = Debug|Any CPU
		{D04C5580-52B0-427B-BF15-E0E065AAA72E}.Release|Any CPU.ActiveCfg = Release|Any CPU
		{D04C5580-52B0-427B-BF15-E0E065AAA72E}.Release|Any CPU.Build.0 = Release|Any CPU
		{D4C42F6A-FF3C-4E02-8A4C-5D2C94E11D5B}.Debug|Any CPU.ActiveCfg = Debug|Any CPU
		{D4C42F6A-FF3C-4E02-8A4C-5D2C94E11D5B}.Debug|Any CPU.Build.0 = Debug|Any CPU
		{D4C42F6A-FF3C-4E02-8A4C-5D2C94E11D5B}.Release|Any CPU.ActiveCfg = Release|Any CPU
		{D4C42F6A-FF3C-4E02-8A4C-5D2C94E11D5B}.Release|Any CPU.Build.0 = Release|Any CPU
		{B7E931A2-FD49-48C0-862C-B07F45D97531}.Debug|Any CPU.ActiveCfg = Debug|Any CPU
		{B7E931A2-FD49-48C0-862C-B07F45D97531}.Debug|Any CPU.Build.0 = Debug|Any CPU
		{B7E931A2-FD49-48C0-862C-B07F45D97531}.Release|Any CPU.ActiveCfg = Release|Any CPU
		{B7E931A2-FD49-48C0-862C-B07F45D97531}.Release|Any CPU.Build.0 = Release|Any CPU
		{3CA7C18C-ADF4-4ACC-880C-D2A21F129E0F}.Debug|Any CPU.ActiveCfg = Debug|Any CPU
		{3CA7C18C-ADF4-4ACC-880C-D2A21F129E0F}.Debug|Any CPU.Build.0 = Debug|Any CPU
		{3CA7C18C-ADF4-4ACC-880C-D2A21F129E0F}.Release|Any CPU.ActiveCfg = Release|Any CPU
		{3CA7C18C-ADF4-4ACC-880C-D2A21F129E0F}.Release|Any CPU.Build.0 = Release|Any CPU
		{1D6CEC15-E15E-457F-A530-E03A9B83EC09}.Debug|Any CPU.ActiveCfg = Debug|Any CPU
		{1D6CEC15-E15E-457F-A530-E03A9B83EC09}.Debug|Any CPU.Build.0 = Debug|Any CPU
		{1D6CEC15-E15E-457F-A530-E03A9B83EC09}.Release|Any CPU.ActiveCfg = Release|Any CPU
		{1D6CEC15-E15E-457F-A530-E03A9B83EC09}.Release|Any CPU.Build.0 = Release|Any CPU
		{4FD8D7B4-86D2-41CA-BE3F-7D75A234C39A}.Debug|Any CPU.ActiveCfg = Debug|Any CPU
		{4FD8D7B4-86D2-41CA-BE3F-7D75A234C39A}.Debug|Any CPU.Build.0 = Debug|Any CPU
		{4FD8D7B4-86D2-41CA-BE3F-7D75A234C39A}.Release|Any CPU.ActiveCfg = Release|Any CPU
		{4FD8D7B4-86D2-41CA-BE3F-7D75A234C39A}.Release|Any CPU.Build.0 = Release|Any CPU
		{3A9C3D41-5AEC-4AA8-A65F-C8EACF295E16}.Debug|Any CPU.ActiveCfg = Debug|Any CPU
		{3A9C3D41-5AEC-4AA8-A65F-C8EACF295E16}.Debug|Any CPU.Build.0 = Debug|Any CPU
		{3A9C3D41-5AEC-4AA8-A65F-C8EACF295E16}.Release|Any CPU.ActiveCfg = Release|Any CPU
		{3A9C3D41-5AEC-4AA8-A65F-C8EACF295E16}.Release|Any CPU.Build.0 = Release|Any CPU
		{26ACF4E2-81EF-437F-9585-3145AADA5B17}.Debug|Any CPU.ActiveCfg = Debug|Any CPU
		{26ACF4E2-81EF-437F-9585-3145AADA5B17}.Debug|Any CPU.Build.0 = Debug|Any CPU
		{26ACF4E2-81EF-437F-9585-3145AADA5B17}.Release|Any CPU.ActiveCfg = Release|Any CPU
		{26ACF4E2-81EF-437F-9585-3145AADA5B17}.Release|Any CPU.Build.0 = Release|Any CPU
		{0875D1CC-AEB5-48CE-8D16-F5B5CA1AE270}.Debug|Any CPU.ActiveCfg = Debug|Any CPU
		{0875D1CC-AEB5-48CE-8D16-F5B5CA1AE270}.Debug|Any CPU.Build.0 = Debug|Any CPU
		{0875D1CC-AEB5-48CE-8D16-F5B5CA1AE270}.Release|Any CPU.ActiveCfg = Release|Any CPU
		{0875D1CC-AEB5-48CE-8D16-F5B5CA1AE270}.Release|Any CPU.Build.0 = Release|Any CPU
		{DE8A52DC-4FB7-44F4-9E2B-B148AEEB450B}.Debug|Any CPU.ActiveCfg = Debug|Any CPU
		{DE8A52DC-4FB7-44F4-9E2B-B148AEEB450B}.Debug|Any CPU.Build.0 = Debug|Any CPU
		{DE8A52DC-4FB7-44F4-9E2B-B148AEEB450B}.Release|Any CPU.ActiveCfg = Release|Any CPU
		{DE8A52DC-4FB7-44F4-9E2B-B148AEEB450B}.Release|Any CPU.Build.0 = Release|Any CPU
		{DAFE57B3-9FDB-44D9-883F-53ED31C3B644}.Debug|Any CPU.ActiveCfg = Debug|Any CPU
		{DAFE57B3-9FDB-44D9-883F-53ED31C3B644}.Debug|Any CPU.Build.0 = Debug|Any CPU
		{DAFE57B3-9FDB-44D9-883F-53ED31C3B644}.Release|Any CPU.ActiveCfg = Release|Any CPU
		{DAFE57B3-9FDB-44D9-883F-53ED31C3B644}.Release|Any CPU.Build.0 = Release|Any CPU
		{32BF94E3-3A9C-45DB-8348-CF2798448946}.Debug|Any CPU.ActiveCfg = Debug|Any CPU
		{32BF94E3-3A9C-45DB-8348-CF2798448946}.Debug|Any CPU.Build.0 = Debug|Any CPU
		{32BF94E3-3A9C-45DB-8348-CF2798448946}.Release|Any CPU.ActiveCfg = Release|Any CPU
		{32BF94E3-3A9C-45DB-8348-CF2798448946}.Release|Any CPU.Build.0 = Release|Any CPU
		{72126808-7167-4516-99A8-495B7A513627}.Debug|Any CPU.ActiveCfg = Debug|Any CPU
		{72126808-7167-4516-99A8-495B7A513627}.Debug|Any CPU.Build.0 = Debug|Any CPU
		{72126808-7167-4516-99A8-495B7A513627}.Release|Any CPU.ActiveCfg = Release|Any CPU
		{72126808-7167-4516-99A8-495B7A513627}.Release|Any CPU.Build.0 = Release|Any CPU
		{F93EE9B5-6871-4E4A-B803-4A287415415E}.Debug|Any CPU.ActiveCfg = Debug|Any CPU
		{F93EE9B5-6871-4E4A-B803-4A287415415E}.Debug|Any CPU.Build.0 = Debug|Any CPU
		{F93EE9B5-6871-4E4A-B803-4A287415415E}.Release|Any CPU.ActiveCfg = Release|Any CPU
		{F93EE9B5-6871-4E4A-B803-4A287415415E}.Release|Any CPU.Build.0 = Release|Any CPU
		{BCF05BD0-00D4-4BD9-A308-D35121337750}.Debug|Any CPU.ActiveCfg = Debug|Any CPU
		{BCF05BD0-00D4-4BD9-A308-D35121337750}.Debug|Any CPU.Build.0 = Debug|Any CPU
		{BCF05BD0-00D4-4BD9-A308-D35121337750}.Release|Any CPU.ActiveCfg = Release|Any CPU
		{BCF05BD0-00D4-4BD9-A308-D35121337750}.Release|Any CPU.Build.0 = Release|Any CPU
		{E0806455-7283-48F3-BAE1-A47705B692AB}.Debug|Any CPU.ActiveCfg = Debug|Any CPU
		{E0806455-7283-48F3-BAE1-A47705B692AB}.Debug|Any CPU.Build.0 = Debug|Any CPU
		{E0806455-7283-48F3-BAE1-A47705B692AB}.Release|Any CPU.ActiveCfg = Release|Any CPU
		{E0806455-7283-48F3-BAE1-A47705B692AB}.Release|Any CPU.Build.0 = Release|Any CPU
		{2DAC0314-3CF0-4E04-8A55-DF45E98B9C11}.Debug|Any CPU.ActiveCfg = Debug|Any CPU
		{2DAC0314-3CF0-4E04-8A55-DF45E98B9C11}.Debug|Any CPU.Build.0 = Debug|Any CPU
		{2DAC0314-3CF0-4E04-8A55-DF45E98B9C11}.Release|Any CPU.ActiveCfg = Release|Any CPU
		{2DAC0314-3CF0-4E04-8A55-DF45E98B9C11}.Release|Any CPU.Build.0 = Release|Any CPU
	EndGlobalSection
	GlobalSection(SolutionProperties) = preSolution
		HideSolutionNode = FALSE
	EndGlobalSection
	GlobalSection(NestedProjects) = preSolution
		{1542565A-AEF5-4A13-B8C7-13A44E25E9D2} = {D371EF44-2623-41BA-B28A-B747D598FFE3}
		{65CAAFFB-FEAC-4638-B67E-F3142CB29027} = {1542565A-AEF5-4A13-B8C7-13A44E25E9D2}
		{16EA7CC2-B60C-4250-BC8D-67F6219E6038} = {65CAAFFB-FEAC-4638-B67E-F3142CB29027}
		{696EE164-69FF-4F8F-8111-2D1B504A3848} = {65CAAFFB-FEAC-4638-B67E-F3142CB29027}
		{954A4C60-E7A1-4D55-A884-B017A4BE8507} = {1542565A-AEF5-4A13-B8C7-13A44E25E9D2}
		{ADF38E49-EE17-4979-8D2B-9BA51A3351BA} = {954A4C60-E7A1-4D55-A884-B017A4BE8507}
		{46D7DE60-0077-459C-90A5-15DF1B254AE5} = {954A4C60-E7A1-4D55-A884-B017A4BE8507}
		{E548C3F2-F3EC-4D5B-8258-CF49B000CC02} = {954A4C60-E7A1-4D55-A884-B017A4BE8507}
		{717FABE7-EF8E-43FD-A85D-3A3B3D421CBE} = {1542565A-AEF5-4A13-B8C7-13A44E25E9D2}
		{5CD855CD-7FCA-4440-9042-4F2D661E83E8} = {717FABE7-EF8E-43FD-A85D-3A3B3D421CBE}
		{D04C5580-52B0-427B-BF15-E0E065AAA72E} = {717FABE7-EF8E-43FD-A85D-3A3B3D421CBE}
		{D4C42F6A-FF3C-4E02-8A4C-5D2C94E11D5B} = {717FABE7-EF8E-43FD-A85D-3A3B3D421CBE}
		{4628338E-104A-4649-ADF4-E88525121E58} = {1542565A-AEF5-4A13-B8C7-13A44E25E9D2}
		{B7E931A2-FD49-48C0-862C-B07F45D97531} = {4628338E-104A-4649-ADF4-E88525121E58}
		{3CA7C18C-ADF4-4ACC-880C-D2A21F129E0F} = {4628338E-104A-4649-ADF4-E88525121E58}
		{1D6CEC15-E15E-457F-A530-E03A9B83EC09} = {4628338E-104A-4649-ADF4-E88525121E58}
		{E11790DC-E7C2-4912-B510-1C1AF6EF825B} = {1542565A-AEF5-4A13-B8C7-13A44E25E9D2}
		{4FD8D7B4-86D2-41CA-BE3F-7D75A234C39A} = {65CAAFFB-FEAC-4638-B67E-F3142CB29027}
		{3A9C3D41-5AEC-4AA8-A65F-C8EACF295E16} = {E11790DC-E7C2-4912-B510-1C1AF6EF825B}
		{26ACF4E2-81EF-437F-9585-3145AADA5B17} = {E11790DC-E7C2-4912-B510-1C1AF6EF825B}
		{0875D1CC-AEB5-48CE-8D16-F5B5CA1AE270} = {E11790DC-E7C2-4912-B510-1C1AF6EF825B}
		{12EC50B6-34D5-485A-A5E5-3E7002EF101A} = {1542565A-AEF5-4A13-B8C7-13A44E25E9D2}
		{68B25DEA-84FF-4E45-B907-6BA2B5B264AF} = {1542565A-AEF5-4A13-B8C7-13A44E25E9D2}
		{DE8A52DC-4FB7-44F4-9E2B-B148AEEB450B} = {12EC50B6-34D5-485A-A5E5-3E7002EF101A}
		{DAFE57B3-9FDB-44D9-883F-53ED31C3B644} = {12EC50B6-34D5-485A-A5E5-3E7002EF101A}
		{32BF94E3-3A9C-45DB-8348-CF2798448946} = {12EC50B6-34D5-485A-A5E5-3E7002EF101A}
		{72126808-7167-4516-99A8-495B7A513627} = {68B25DEA-84FF-4E45-B907-6BA2B5B264AF}
		{F93EE9B5-6871-4E4A-B803-4A287415415E} = {68B25DEA-84FF-4E45-B907-6BA2B5B264AF}
		{BCF05BD0-00D4-4BD9-A308-D35121337750} = {68B25DEA-84FF-4E45-B907-6BA2B5B264AF}
		{E0806455-7283-48F3-BAE1-A47705B692AB} = {65CAAFFB-FEAC-4638-B67E-F3142CB29027}
		{2DAC0314-3CF0-4E04-8A55-DF45E98B9C11} = {717FABE7-EF8E-43FD-A85D-3A3B3D421CBE}
	EndGlobalSection
	GlobalSection(ExtensibilityGlobals) = postSolution
		SolutionGuid = {67DD42B7-F260-41FF-8B56-61A3768A8E2A}
	EndGlobalSection
EndGlobal
